{
  "name": "sadanand",
  "version": "1.0.0",
  "lockfileVersion": 3,
  "requires": true,
  "packages": {
    "": {
      "name": "sadanand",
      "version": "1.0.0",
      "license": "ISC",
      "dependencies": {
        "pokemon": "^2.3.5"
      }
    },
    "node_modules/pokemon": {
      "version": "2.3.5",
      "resolved": "https://registry.npmjs.org/pokemon/-/pokemon-2.3.5.tgz",
      "integrity": "sha512-2+gy3qzT+2BXHhQSqy+uK2SRDmniR/a+j7dQlErGz8dYNZ/RS1mBoQQKodhlxMGSrfFphWWOacWlSoEM3ntT/w==",
      "dependencies": {
        "unique-random-array": "^2.0.0"
      },
      "engines": {
        "node": ">=8"
      },
      "funding": {
        "url": "https://github.com/sponsors/sindresorhus"
      }
    },
    "node_modules/unique-random": {
      "version": "2.1.0",
      "resolved": "https://registry.npmjs.org/unique-random/-/unique-random-2.1.0.tgz",
      "integrity": "sha512-iQ1ZgWac3b8YxGThecQFRQiqgk6xFERRwHZIWeVVsqlbmgCRl0PY13R4mUkodNgctmg5b5odG1nyW/IbOxQTqg==",
      "engines": {
        "node": ">=6"
      }
    },
    "node_modules/unique-random-array": {
      "version": "2.0.0",
      "resolved": "https://registry.npmjs.org/unique-random-array/-/unique-random-array-2.0.0.tgz",
      "integrity": "sha512-xR87O95fZ7hljw84J8r1YDXrvffPLWN513BNOP4Bv0KcgG5dyEUrHwsvP7mVAOKg4Y80uqRbpUk0GKr8il70qg==",
      "dependencies": {
        "unique-random": "^2.1.0"
      },
      "engines": {
        "node": ">=8"
      }
    }
  }
}
